{
  "name": "dyslexia-assembler",
  "version": "0.1.0",
  "lockfileVersion": 3,
  "requires": true,
  "packages": {
    "": {
      "name": "dyslexia-assembler",
      "version": "0.1.0",
      "dependencies": {
        "effect": "4.0.0"
      },
      "engines": {
        "node": ">=24.20.0"
      }
    },
    "node_modules/effect": {
      "version": "4.0.0",
      "resolved": "https://registry.npmjs.org/effect/-/effect-4.0.0.tgz",
      "integrity": "sha512-ooc1TG5t+FfzgYnFz2ff6BBKyZ7EwBRVXC7c4RhQUAD6/TZ2gTXXMeb4WX7a19ozQo4J73/QW+S00YAIresoMQ==",
      "license": "MIT"
    }
  }
}
